
Microsoft Visual Studio Solution File, Format Version 12.00
# Visual Studio Version 16
VisualStudioVersion = 16.0.29326.143
MinimumVisualStudioVersion = 10.0.40219.1
Project("{9A19103F-16F7-4668-BE54-9A1E7A4F7556}") = "Djelato.Web", "Djelato.Web\Djelato.Web.csproj", "{486C648D-240E-439B-9429-F400D48BB937}"
EndProject
Project("{9A19103F-16F7-4668-BE54-9A1E7A4F7556}") = "Djelato.DataAccess", "Djelato.DataAccess\Djelato.DataAccess.csproj", "{E56D0736-3F09-4A50-A3F6-5EDFC3F77741}"
EndProject
Project("{9A19103F-16F7-4668-BE54-9A1E7A4F7556}") = "Djelato.Common", "Djelato.Common\Djelato.Common.csproj", "{431FA355-4568-4023-9F67-9F5125E26055}"
EndProject
Project("{9A19103F-16F7-4668-BE54-9A1E7A4F7556}") = "Djelato.Services", "Djelato.Services\Djelato.Services.csproj", "{9A9960EE-4DBA-4657-954E-2C6E96B954AE}"
EndProject
Project("{FAE04EC0-301F-11D3-BF4B-00C04F79EFBC}") = "Djelato.xUnitTests", "Djelato.xUnitTests\Djelato.xUnitTests.csproj", "{C49145B9-F180-4BA5-9909-F6514B6EDD5F}"
EndProject
Global
	GlobalSection(SolutionConfigurationPlatforms) = preSolution
		Debug|Any CPU = Debug|Any CPU
		Release|Any CPU = Release|Any CPU
	EndGlobalSection
	GlobalSection(ProjectConfigurationPlatforms) = postSolution
		{486C648D-240E-439B-9429-F400D48BB937}.Debug|Any CPU.ActiveCfg = Debug|Any CPU
		{486C648D-240E-439B-9429-F400D48BB937}.Debug|Any CPU.Build.0 = Debug|Any CPU
		{486C648D-240E-439B-9429-F400D48BB937}.Release|Any CPU.ActiveCfg = Release|Any CPU
		{486C648D-240E-439B-9429-F400D48BB937}.Release|Any CPU.Build.0 = Release|Any CPU
		{E56D0736-3F09-4A50-A3F6-5EDFC3F77741}.Debug|Any CPU.ActiveCfg = Debug|Any CPU
		{E56D0736-3F09-4A50-A3F6-5EDFC3F77741}.Debug|Any CPU.Build.0 = Debug|Any CPU
		{E56D0736-3F09-4A50-A3F6-5EDFC3F77741}.Release|Any CPU.ActiveCfg = Release|Any CPU
		{E56D0736-3F09-4A50-A3F6-5EDFC3F77741}.Release|Any CPU.Build.0 = Release|Any CPU
		{431FA355-4568-4023-9F67-9F5125E26055}.Debug|Any CPU.ActiveCfg = Debug|Any CPU
		{431FA355-4568-4023-9F67-9F5125E26055}.Debug|Any CPU.Build.0 = Debug|Any CPU
		{431FA355-4568-4023-9F67-9F5125E26055}.Release|Any CPU.ActiveCfg = Release|Any CPU
		{431FA355-4568-4023-9F67-9F5125E26055}.Release|Any CPU.Build.0 = Release|Any CPU
		{9A9960EE-4DBA-4657-954E-2C6E96B954AE}.Debug|Any CPU.ActiveCfg = Debug|Any CPU
		{9A9960EE-4DBA-4657-954E-2C6E96B954AE}.Debug|Any CPU.Build.0 = Debug|Any CPU
		{9A9960EE-4DBA-4657-954E-2C6E96B954AE}.Release|Any CPU.ActiveCfg = Release|Any CPU
		{9A9960EE-4DBA-4657-954E-2C6E96B954AE}.Release|Any CPU.Build.0 = Release|Any CPU
		{C49145B9-F180-4BA5-9909-F6514B6EDD5F}.Debug|Any CPU.ActiveCfg = Debug|Any CPU
		{C49145B9-F180-4BA5-9909-F6514B6EDD5F}.Debug|Any CPU.Build.0 = Debug|Any CPU
		{C49145B9-F180-4BA5-9909-F6514B6EDD5F}.Release|Any CPU.ActiveCfg = Release|Any CPU
		{C49145B9-F180-4BA5-9909-F6514B6EDD5F}.Release|Any CPU.Build.0 = Release|Any CPU
	EndGlobalSection
	GlobalSection(SolutionProperties) = preSolution
		HideSolutionNode = FALSE
	EndGlobalSection
	GlobalSection(ExtensibilityGlobals) = postSolution
		SolutionGuid = {EA121599-27E0-44FE-ADFC-2A83624C67CC}
	EndGlobalSection
EndGlobal
